
Microsoft Visual Studio Solution File, Format Version 12.00
# Visual Studio Version 18
VisualStudioVersion = 18.4.11605.240 stable
MinimumVisualStudioVersion = 10.0.40219.1
Project("{FAE04EC0-301F-11D3-BF4B-00C04F79EFBC}") = "Replatform", "Replatform.csproj", "{9C7037DD-39FC-D638-03C0-90003B11EC7B}"
EndProject
Global
	GlobalSection(SolutionConfigurationPlatforms) = preSolution
		Debug|Any CPU = Debug|Any CPU
		Release|Any CPU = Release|Any CPU
	EndGlobalSection
	GlobalSection(ProjectConfigurationPlatforms) = postSolution
		{9C7037DD-39FC-D638-03C0-90003B11EC7B}.Debug|Any CPU.ActiveCfg = Debug|Any CPU
		{9C7037DD-39FC-D638-03C0-90003B11EC7B}.Debug|Any CPU.Build.0 = Debug|Any CPU
		{9C7037DD-39FC-D638-03C0-90003B11EC7B}.Release|Any CPU.ActiveCfg = Release|Any CPU
		{9C7037DD-39FC-D638-03C0-90003B11EC7B}.Release|Any CPU.Build.0 = Release|Any CPU
	EndGlobalSection
	GlobalSection(SolutionProperties) = preSolution
		HideSolutionNode = FALSE
	EndGlobalSection
	GlobalSection(ExtensibilityGlobals) = postSolution
		SolutionGuid = {0378DBF9-B939-4153-8947-F99C07D5C028}
	EndGlobalSection
EndGlobal
